
Microsoft Visual Studio Solution File, Format Version 12.00
# Visual Studio Version 17
VisualStudioVersion = 17.14.36212.18 d17.14
MinimumVisualStudioVersion = 10.0.40219.1
Project("{FAE04EC0-301F-11D3-BF4B-00C04F79EFBC}") = "ApiProject.WebApi", "ApiProject.WebApi\ApiProject.WebApi.csproj", "{070AEC35-9B1D-4428-BEEF-5CCA18FFD469}"
EndProject
Global
	GlobalSection(SolutionConfigurationPlatforms) = preSolution
		Debug|Any CPU = Debug|Any CPU
		Release|Any CPU = Release|Any CPU
	EndGlobalSection
	GlobalSection(ProjectConfigurationPlatforms) = postSolution
		{070AEC35-9B1D-4428-BEEF-5CCA18FFD469}.Debug|Any CPU.ActiveCfg = Debug|Any CPU
		{070AEC35-9B1D-4428-BEEF-5CCA18FFD469}.Debug|Any CPU.Build.0 = Debug|Any CPU
		{070AEC35-9B1D-4428-BEEF-5CCA18FFD469}.Release|Any CPU.ActiveCfg = Release|Any CPU
		{070AEC35-9B1D-4428-BEEF-5CCA18FFD469}.Release|Any CPU.Build.0 = Release|Any CPU
	EndGlobalSection
	GlobalSection(SolutionProperties) = preSolution
		HideSolutionNode = FALSE
	EndGlobalSection
	GlobalSection(ExtensibilityGlobals) = postSolution
		SolutionGuid = {F6D7F3E9-81B0-4C2D-A15B-B30AADC4D33C}
	EndGlobalSection
EndGlobal
